// !$*UTF8*$!
{
	archiveVersion = 1;
	classes = {
	};
	objectVersion = 50;
	objects = {

/* Begin PBXBuildFile section */
		6DFC580023558F2A0052B9F9 /* AppDelegate.swift in Sources */ = {isa = PBXBuildFile; fileRef = 6DFC57FF23558F2A0052B9F9 /* AppDelegate.swift */; };
		6DFC580223558F2A0052B9F9 /* ViewController.swift in Sources */ = {isa = PBXBuildFile; fileRef = 6DFC580123558F2A0052B9F9 /* ViewController.swift */; };
		6DFC580523558F2A0052B9F9 /* Main.storyboard in Resources */ = {isa = PBXBuildFile; fileRef = 6DFC580323558F2A0052B9F9 /* Main.storyboard */; };
		6DFC580723558F2B0052B9F9 /* Assets.xcassets in Resources */ = {isa = PBXBuildFile; fileRef = 6DFC580623558F2B0052B9F9 /* Assets.xcassets */; };
		6DFC580A23558F2B0052B9F9 /* LaunchScreen.storyboard in Resources */ = {isa = PBXBuildFile; fileRef = 6DFC580823558F2B0052B9F9 /* LaunchScreen.storyboard */; };
		6DFC581523558F2B0052B9F9 /* AfricanSuperMarketTests.swift in Sources */ = {isa = PBXBuildFile; fileRef = 6DFC581423558F2B0052B9F9 /* AfricanSuperMarketTests.swift */; };
		6DFC582023558F2B0052B9F9 /* AfricanSuperMarketUITests.swift in Sources */ = {isa = PBXBuildFile; fileRef = 6DFC581F23558F2B0052B9F9 /* AfricanSuperMarketUITests.swift */; };
/* End PBXBuildFile section */

/* Begin PBXContainerItemProxy section */
		6DFC581123558F2B0052B9F9 /* PBXContainerItemProxy */ = {
			isa = PBXContainerItemProxy;
			containerPortal = 6DFC57F423558F2A0052B9F9 /* Project object */;
			proxyType = 1;
			remoteGlobalIDString = 6DFC57FB23558F2A0052B9F9;
			remoteInfo = AfricanSuperMarket;
		};
		6DFC581C23558F2B0052B9F9 /* PBXContainerItemProxy */ = {
			isa = PBXContainerItemProxy;
			containerPortal = 6DFC57F423558F2A0052B9F9 /* Project object */;
			proxyType = 1;
			remoteGlobalIDString = 6DFC57FB23558F2A0052B9F9;
			remoteInfo = AfricanSuperMarket;
		};
/* End PBXContainerItemProxy section */

/* Begin PBXFileReference section */
		6DFC57FC23558F2A0052B9F9 /* AfricanSuperMarket.app */ = {isa = PBXFileReference; explicitFileType = wrapper.application; includeInIndex = 0; path = AfricanSuperMarket.app; sourceTree = BUILT_PRODUCTS_DIR; };
		6DFC57FF23558F2A0052B9F9 /* AppDelegate.swift */ = {isa = PBXFileReference; lastKnownFileType = sourcecode.swift; path = AppDelegate.swift; sourceTree = "<group>"; };
		6DFC580123558F2A0052B9F9 /* ViewController.swift */ = {isa = PBXFileReference; lastKnownFileType = sourcecode.swift; path = ViewController.swift; sourceTree = "<group>"; };
		6DFC580423558F2A0052B9F9 /* Base */ = {isa = PBXFileReference; lastKnownFileType = file.storyboard; name = Base; path = Base.lproj/Main.storyboard; sourceTree = "<group>"; };
		6DFC580623558F2B0052B9F9 /* Assets.xcassets */ = {isa = PBXFileReference; lastKnownFileType = folder.assetcatalog; path = Assets.xcassets; sourceTree = "<group>"; };
		6DFC580923558F2B0052B9F9 /* Base */ = {isa = PBXFileReference; lastKnownFileType = file.storyboard; name = Base; path = Base.lproj/LaunchScreen.storyboard; sourceTree = "<group>"; };
		6DFC580B23558F2B0052B9F9 /* Info.plist */ = {isa = PBXFileReference; lastKnownFileType = text.plist.xml; path = Info.plist; sourceTree = "<group>"; };
		6DFC581023558F2B0052B9F9 /* AfricanSuperMarketTests.xctest */ = {isa = PBXFileReference; explicitFileType = wrapper.cfbundle; includeInIndex = 0; path = AfricanSuperMarketTests.xctest; sourceTree = BUILT_PRODUCTS_DIR; };
		6DFC581423558F2B0052B9F9 /* AfricanSuperMarketTests.swift */ = {isa = PBXFileReference; lastKnownFileType = sourcecode.swift; path = AfricanSuperMarketTests.swift; sourceTree = "<group>"; };
		6DFC581623558F2B0052B9F9 /* Info.plist */ = {isa = PBXFileReference; lastKnownFileType = text.plist.xml; path = Info.plist; sourceTree = "<group>"; };
		6DFC581B23558F2B0052B9F9 /* AfricanSuperMarketUITests.xctest */ = {isa = PBXFileReference; explicitFileType = wrapper.cfbundle; includeInIndex = 0; path = AfricanSuperMarketUITests.xctest; sourceTree = BUILT_PRODUCTS_DIR; };
		6DFC581F23558F2B0052B9F9 /* AfricanSuperMarketUITests.swift */ = {isa = PBXFileReference; lastKnownFileType = sourcecode.swift; path = AfricanSuperMarketUITests.swift; sourceTree = "<group>"; };
		6DFC582123558F2B0052B9F9 /* Info.plist */ = {isa = PBXFileReference; lastKnownFileType = text.plist.xml; path = Info.plist; sourceTree = "<group>"; };
/* End PBXFileReference section */

/* Begin PBXFrameworksBuildPhase section */
		6DFC57F923558F2A0052B9F9 /* Frameworks */ = {
			isa = PBXFrameworksBuildPhase;
			buildActionMask = 2147483647;
			files = (
			);
			runOnlyForDeploymentPostprocessing = 0;
		};
		6DFC580D23558F2B0052B9F9 /* Frameworks */ = {
			isa = PBXFrameworksBuildPhase;
			buildActionMask = 2147483647;
			files = (
			);
			runOnlyForDeploymentPostprocessing = 0;
		};
		6DFC581823558F2B0052B9F9 /* Frameworks */ = {
			isa = PBXFrameworksBuildPhase;
			buildActionMask = 2147483647;
			files = (
			);
			runOnlyForDeploymentPostprocessing = 0;
		};
/* End PBXFrameworksBuildPhase section */

/* Begin PBXGroup section */
		6DFC57F323558F2A0052B9F9 = {
			isa = PBXGroup;
			children = (
				6DFC57FE23558F2A0052B9F9 /* AfricanSuperMarket */,
				6DFC581323558F2B0052B9F9 /* AfricanSuperMarketTests */,
				6DFC581E23558F2B0052B9F9 /* AfricanSuperMarketUITests */,
				6DFC57FD23558F2A0052B9F9 /* Products */,
			);
			sourceTree = "<group>";
		};
		6DFC57FD23558F2A0052B9F9 /* Products */ = {
			isa = PBXGroup;
			children = (
				6DFC57FC23558F2A0052B9F9 /* AfricanSuperMarket.app */,
				6DFC581023558F2B0052B9F9 /* AfricanSuperMarketTests.xctest */,
				6DFC581B23558F2B0052B9F9 /* AfricanSuperMarketUITests.xctest */,
			);
			name = Products;
			sourceTree = "<group>";
		};
		6DFC57FE23558F2A0052B9F9 /* AfricanSuperMarket */ = {
			isa = PBXGroup;
			children = (
				6DFC57FF23558F2A0052B9F9 /* AppDelegate.swift */,
				6DFC580123558F2A0052B9F9 /* ViewController.swift */,
				6DFC580323558F2A0052B9F9 /* Main.storyboard */,
				6DFC580623558F2B0052B9F9 /* Assets.xcassets */,
				6DFC580823558F2B0052B9F9 /* LaunchScreen.storyboard */,
				6DFC580B23558F2B0052B9F9 /* Info.plist */,
			);
			path = AfricanSuperMarket;
			sourceTree = "<group>";
		};
		6DFC581323558F2B0052B9F9 /* AfricanSuperMarketTests */ = {
			isa = PBXGroup;
			children = (
				6DFC581423558F2B0052B9F9 /* AfricanSuperMarketTests.swift */,
				6DFC581623558F2B0052B9F9 /* Info.plist */,
			);
			path = AfricanSuperMarketTests;
			sourceTree = "<group>";
		};
		6DFC581E23558F2B0052B9F9 /* AfricanSuperMarketUITests */ = {
			isa = PBXGroup;
			children = (
				6DFC581F23558F2B0052B9F9 /* AfricanSuperMarketUITests.swift */,
				6DFC582123558F2B0052B9F9 /* Info.plist */,
			);
			path = AfricanSuperMarketUITests;
			sourceTree = "<group>";
		};
/* End PBXGroup section */

/* Begin PBXNativeTarget section */
		6DFC57FB23558F2A0052B9F9 /* AfricanSuperMarket */ = {
			isa = PBXNativeTarget;
			buildConfigurationList = 6DFC582423558F2B0052B9F9 /* Build configuration list for PBXNativeTarget "AfricanSuperMarket" */;
			buildPhases = (
				6DFC57F823558F2A0052B9F9 /* Sources */,
				6DFC57F923558F2A0052B9F9 /* Frameworks */,
				6DFC57FA23558F2A0052B9F9 /* Resources */,
			);
			buildRules = (
			);
			dependencies = (
			);
			name = AfricanSuperMarket;
			productName = AfricanSuperMarket;
			productReference = 6DFC57FC23558F2A0052B9F9 /* AfricanSuperMarket.app */;
			productType = "com.apple.product-type.application";
		};
		6DFC580F23558F2B0052B9F9 /* AfricanSuperMarketTests */ = {
			isa = PBXNativeTarget;
			buildConfigurationList = 6DFC582723558F2B0052B9F9 /* Build configuration list for PBXNativeTarget "AfricanSuperMarketTests" */;
			buildPhases = (
				6DFC580C23558F2B0052B9F9 /* Sources */,
				6DFC580D23558F2B0052B9F9 /* Frameworks */,
				6DFC580E23558F2B0052B9F9 /* Resources */,
			);
			buildRules = (
			);
			dependencies = (
				6DFC581223558F2B0052B9F9 /* PBXTargetDependency */,
			);
			name = AfricanSuperMarketTests;
			productName = AfricanSuperMarketTests;
			productReference = 6DFC581023558F2B0052B9F9 /* AfricanSuperMarketTests.xctest */;
			productType = "com.apple.product-type.bundle.unit-test";
		};
		6DFC581A23558F2B0052B9F9 /* AfricanSuperMarketUITests */ = {
			isa = PBXNativeTarget;
			buildConfigurationList = 6DFC582A23558F2B0052B9F9 /* Build configuration list for PBXNativeTarget "AfricanSuperMarketUITests" */;
			buildPhases = (
				6DFC581723558F2B0052B9F9 /* Sources */,
				6DFC581823558F2B0052B9F9 /* Frameworks */,
				6DFC581923558F2B0052B9F9 /* Resources */,
			);
			buildRules = (
			);
			dependencies = (
				6DFC581D23558F2B0052B9F9 /* PBXTargetDependency */,
			);
			name = AfricanSuperMarketUITests;
			productName = AfricanSuperMarketUITests;
			productReference = 6DFC581B23558F2B0052B9F9 /* AfricanSuperMarketUITests.xctest */;
			productType = "com.apple.product-type.bundle.ui-testing";
		};
/* End PBXNativeTarget section */

/* Begin PBXProject section */
		6DFC57F423558F2A0052B9F9 /* Project object */ = {
			isa = PBXProject;
			attributes = {
				LastSwiftUpdateCheck = 1000;
				LastUpgradeCheck = 1000;
				ORGANIZATIONNAME = Nitesh;
				TargetAttributes = {
					6DFC57FB23558F2A0052B9F9 = {
						CreatedOnToolsVersion = 10.0;
					};
					6DFC580F23558F2B0052B9F9 = {
						CreatedOnToolsVersion = 10.0;
						TestTargetID = 6DFC57FB23558F2A0052B9F9;
					};
					6DFC581A23558F2B0052B9F9 = {
						CreatedOnToolsVersion = 10.0;
						TestTargetID = 6DFC57FB23558F2A0052B9F9;
					};
				};
			};
			buildConfigurationList = 6DFC57F723558F2A0052B9F9 /* Build configuration list for PBXProject "AfricanSuperMarket" */;
			compatibilityVersion = "Xcode 9.3";
			developmentRegion = en;
			hasScannedForEncodings = 0;
			knownRegions = (
				en,
				Base,
			);
			mainGroup = 6DFC57F323558F2A0052B9F9;
			productRefGroup = 6DFC57FD23558F2A0052B9F9 /* Products */;
			projectDirPath = "";
			projectRoot = "";
			targets = (
				6DFC57FB23558F2A0052B9F9 /* AfricanSuperMarket */,
				6DFC580F23558F2B0052B9F9 /* AfricanSuperMarketTests */,
				6DFC581A23558F2B0052B9F9 /* AfricanSuperMarketUITests */,
			);
		};
/* End PBXProject section */

/* Begin PBXResourcesBuildPhase section */
		6DFC57FA23558F2A0052B9F9 /* Resources */ = {
			isa = PBXResourcesBuildPhase;
			buildActionMask = 2147483647;
			files = (
				6DFC580A23558F2B0052B9F9 /* LaunchScreen.storyboard in Resources */,
				6DFC580723558F2B0052B9F9 /* Assets.xcassets in Resources */,
				6DFC580523558F2A0052B9F9 /* Main.storyboard in Resources */,
			);
			runOnlyForDeploymentPostprocessing = 0;
		};
		6DFC580E23558F2B0052B9F9 /* Resources */ = {
			isa = PBXResourcesBuildPhase;
			buildActionMask = 2147483647;
			files = (
			);
			runOnlyForDeploymentPostprocessing = 0;
		};
		6DFC581923558F2B0052B9F9 /* Resources */ = {
			isa = PBXResourcesBuildPhase;
			buildActionMask = 2147483647;
			files = (
			);
			runOnlyForDeploymentPostprocessing = 0;
		};
/* End PBXResourcesBuildPhase section */

/* Begin PBXSourcesBuildPhase section */
		6DFC57F823558F2A0052B9F9 /* Sources */ = {
			isa = PBXSourcesBuildPhase;
			buildActionMask = 2147483647;
			files = (
				6DFC580223558F2A0052B9F9 /* ViewController.swift in Sources */,
				6DFC580023558F2A0052B9F9 /* AppDelegate.swift in Sources */,
			);
			runOnlyForDeploymentPostprocessing = 0;
		};
		6DFC580C23558F2B0052B9F9 /* Sources */ = {
			isa = PBXSourcesBuildPhase;
			buildActionMask = 2147483647;
			files = (
				6DFC581523558F2B0052B9F9 /* AfricanSuperMarketTests.swift in Sources */,
			);
			runOnlyForDeploymentPostprocessing = 0;
		};
		6DFC581723558F2B0052B9F9 /* Sources */ = {
			isa = PBXSourcesBuildPhase;
			buildActionMask = 2147483647;
			files = (
				6DFC582023558F2B0052B9F9 /* AfricanSuperMarketUITests.swift in Sources */,
			);
			runOnlyForDeploymentPostprocessing = 0;
		};
/* End PBXSourcesBuildPhase section */

/* Begin PBXTargetDependency section */
		6DFC581223558F2B0052B9F9 /* PBXTargetDependency */ = {
			isa = PBXTargetDependency;
			target = 6DFC57FB23558F2A0052B9F9 /* AfricanSuperMarket */;
			targetProxy = 6DFC581123558F2B0052B9F9 /* PBXContainerItemProxy */;
		};
		6DFC581D23558F2B0052B9F9 /* PBXTargetDependency */ = {
			isa = PBXTargetDependency;
			target = 6DFC57FB23558F2A0052B9F9 /* AfricanSuperMarket */;
			targetProxy = 6DFC581C23558F2B0052B9F9 /* PBXContainerItemProxy */;
		};
/* End PBXTargetDependency section */

/* Begin PBXVariantGroup section */
		6DFC580323558F2A0052B9F9 /* Main.storyboard */ = {
			isa = PBXVariantGroup;
			children = (
				6DFC580423558F2A0052B9F9 /* Base */,
			);
			name = Main.storyboard;
			sourceTree = "<group>";
		};
		6DFC580823558F2B0052B9F9 /* LaunchScreen.storyboard */ = {
			isa = PBXVariantGroup;
			children = (
				6DFC580923558F2B0052B9F9 /* Base */,
			);
			name = LaunchScreen.storyboard;
			sourceTree = "<group>";
		};
/* End PBXVariantGroup section */

/* Begin XCBuildConfiguration section */
		6DFC582223558F2B0052B9F9 /* Debug */ = {
			isa = XCBuildConfiguration;
			buildSettings = {
				ALWAYS_SEARCH_USER_PATHS = NO;
				CLANG_ANALYZER_NONNULL = YES;
				CLANG_ANALYZER_NUMBER_OBJECT_CONVERSION = YES_AGGRESSIVE;
				CLANG_CXX_LANGUAGE_STANDARD = "gnu++14";
				CLANG_CXX_LIBRARY = "libc++";
				CLANG_ENABLE_MODULES = YES;
				CLANG_ENABLE_OBJC_ARC = YES;
				CLANG_ENABLE_OBJC_WEAK = YES;
				CLANG_WARN_BLOCK_CAPTURE_AUTORELEASING = YES;
				CLANG_WARN_BOOL_CONVERSION = YES;
				CLANG_WARN_COMMA = YES;
				CLANG_WARN_CONSTANT_CONVERSION = YES;
				CLANG_WARN_DEPRECATED_OBJC_IMPLEMENTATIONS = YES;
				CLANG_WARN_DIRECT_OBJC_ISA_USAGE = YES_ERROR;
				CLANG_WARN_DOCUMENTATION_COMMENTS = YES;
				CLANG_WARN_EMPTY_BODY = YES;
				CLANG_WARN_ENUM_CONVERSION = YES;
				CLANG_WARN_INFINITE_RECURSION = YES;
				CLANG_WARN_INT_CONVERSION = YES;
				CLANG_WARN_NON_LITERAL_NULL_CONVERSION = YES;
				CLANG_WARN_OBJC_IMPLICIT_RETAIN_SELF = YES;
				CLANG_WARN_OBJC_LITERAL_CONVERSION = YES;
				CLANG_WARN_OBJC_ROOT_CLASS = YES_ERROR;
				CLANG_WARN_RANGE_LOOP_ANALYSIS = YES;
				CLANG_WARN_STRICT_PROTOTYPES = YES;
				CLANG_WARN_SUSPICIOUS_MOVE = YES;
				CLANG_WARN_UNGUARDED_AVAILABILITY = YES_AGGRESSIVE;
				CLANG_WARN_UNREACHABLE_CODE = YES;
				CLANG_WARN__DUPLICATE_METHOD_MATCH = YES;
				CODE_SIGN_IDENTITY = "iPhone Developer";
				COPY_PHASE_STRIP = NO;
				DEBUG_INFORMATION_FORMAT = dwarf;
				ENABLE_STRICT_OBJC_MSGSEND = YES;
				ENABLE_TESTABILITY = YES;
				GCC_C_LANGUAGE_STANDARD = gnu11;
				GCC_DYNAMIC_NO_PIC = NO;
				GCC_NO_COMMON_BLOCKS = YES;
				GCC_OPTIMIZATION_LEVEL = 0;
				GCC_PREPROCESSOR_DEFINITIONS = (
					"DEBUG=1",
					"$(inherited)",
				);
				GCC_WARN_64_TO_32_BIT_CONVERSION = YES;
				GCC_WARN_ABOUT_RETURN_TYPE = YES_ERROR;
				GCC_WARN_UNDECLARED_SELECTOR = YES;
				GCC_WARN_UNINITIALIZED_AUTOS = YES_AGGRESSIVE;
				GCC_WARN_UNUSED_FUNCTION = YES;
				GCC_WARN_UNUSED_VARIABLE = YES;
				IPHONEOS_DEPLOYMENT_TARGET = 12.0;
				MTL_ENABLE_DEBUG_INFO = INCLUDE_SOURCE;
				MTL_FAST_MATH = YES;
				ONLY_ACTIVE_ARCH = YES;
				SDKROOT = iphoneos;
				SWIFT_ACTIVE_COMPILATION_CONDITIONS = DEBUG;
				SWIFT_OPTIMIZATION_LEVEL = "-Onone";
			};
			name = Debug;
		};
		6DFC582323558F2B0052B9F9 /* Release */ = {
			isa = XCBuildConfiguration;
			buildSettings = {
				ALWAYS_SEARCH_USER_PATHS = NO;
				CLANG_ANALYZER_NONNULL = YES;
				CLANG_ANALYZER_NUMBER_OBJECT_CONVERSION = YES_AGGRESSIVE;
				CLANG_CXX_LANGUAGE_STANDARD = "gnu++14";
				CLANG_CXX_LIBRARY = "libc++";
				CLANG_ENABLE_MODULES = YES;
				CLANG_ENABLE_OBJC_ARC = YES;
				CLANG_ENABLE_OBJC_WEAK = YES;
				CLANG_WARN_BLOCK_CAPTURE_AUTORELEASING = YES;
				CLANG_WARN_BOOL_CONVERSION = YES;
				CLANG_WARN_COMMA = YES;
				CLANG_WARN_CONSTANT_CONVERSION = YES;
				CLANG_WARN_DEPRECATED_OBJC_IMPLEMENTATIONS = YES;
				CLANG_WARN_DIRECT_OBJC_ISA_USAGE = YES_ERROR;
				CLANG_WARN_DOCUMENTATION_COMMENTS = YES;
				CLANG_WARN_EMPTY_BODY = YES;
				CLANG_WARN_ENUM_CONVERSION = YES;
				CLANG_WARN_INFINITE_RECURSION = YES;
				CLANG_WARN_INT_CONVERSION = YES;
				CLANG_WARN_NON_LITERAL_NULL_CONVERSION = YES;
				CLANG_WARN_OBJC_IMPLICIT_RETAIN_SELF = YES;
				CLANG_WARN_OBJC_LITERAL_CONVERSION = YES;
				CLANG_WARN_OBJC_ROOT_CLASS = YES_ERROR;
				CLANG_WARN_RANGE_LOOP_ANALYSIS = YES;
				CLANG_WARN_STRICT_PROTOTYPES = YES;
				CLANG_WARN_SUSPICIOUS_MOVE = YES;
				CLANG_WARN_UNGUARDED_AVAILABILITY = YES_AGGRESSIVE;
				CLANG_WARN_UNREACHABLE_CODE = YES;
				CLANG_WARN__DUPLICATE_METHOD_MATCH = YES;
				CODE_SIGN_IDENTITY = "iPhone Developer";
				COPY_PHASE_STRIP = NO;
				DEBUG_INFORMATION_FORMAT = "dwarf-with-dsym";
				ENABLE_NS_ASSERTIONS = NO;
				ENABLE_STRICT_OBJC_MSGSEND = YES;
				GCC_C_LANGUAGE_STANDARD = gnu11;
				GCC_NO_COMMON_BLOCKS = YES;
				GCC_WARN_64_TO_32_BIT_CONVERSION = YES;
				GCC_WARN_ABOUT_RETURN_TYPE = YES_ERROR;
				GCC_WARN_UNDECLARED_SELECTOR = YES;
				GCC_WARN_UNINITIALIZED_AUTOS = YES_AGGRESSIVE;
				GCC_WARN_UNUSED_FUNCTION = YES;
				GCC_WARN_UNUSED_VARIABLE = YES;
				IPHONEOS_DEPLOYMENT_TARGET = 12.0;
				MTL_ENABLE_DEBUG_INFO = NO;
				MTL_FAST_MATH = YES;
				SDKROOT = iphoneos;
				SWIFT_COMPILATION_MODE = wholemodule;
				SWIFT_OPTIMIZATION_LEVEL = "-O";
				VALIDATE_PRODUCT = YES;
			};
			name = Release;
		};
		6DFC582523558F2B0052B9F9 /* Debug */ = {
			isa = XCBuildConfiguration;
			buildSettings = {
				ASSETCATALOG_COMPILER_APPICON_NAME = AppIcon;
				CODE_SIGN_STYLE = Automatic;
				INFOPLIST_FILE = AfricanSuperMarket/Info.plist;
				LD_RUNPATH_SEARCH_PATHS = (
					"$(inherited)",
					"@executable_path/Frameworks",
				);
				PRODUCT_BUNDLE_IDENTIFIER = com.techgropse.com.AfricanSuperMarket;
				PRODUCT_NAME = "$(TARGET_NAME)";
				SWIFT_VERSION = 4.2;
				TARGETED_DEVICE_FAMILY = "1,2";
			};
			name = Debug;
		};
		6DFC582623558F2B0052B9F9 /* Release */ = {
			isa = XCBuildConfiguration;
			buildSettings = {
				ASSETCATALOG_COMPILER_APPICON_NAME = AppIcon;
				CODE_SIGN_STYLE = Automatic;
				INFOPLIST_FILE = AfricanSuperMarket/Info.plist;
				LD_RUNPATH_SEARCH_PATHS = (
					"$(inherited)",
					"@executable_path/Frameworks",
				);
				PRODUCT_BUNDLE_IDENTIFIER = com.techgropse.com.AfricanSuperMarket;
				PRODUCT_NAME = "$(TARGET_NAME)";
				SWIFT_VERSION = 4.2;
				TARGETED_DEVICE_FAMILY = "1,2";
			};
			name = Release;
		};
		6DFC582823558F2B0052B9F9 /* Debug */ = {
			isa = XCBuildConfiguration;
			buildSettings = {
				ALWAYS_EMBED_SWIFT_STANDARD_LIBRARIES = YES;
				BUNDLE_LOADER = "$(TEST_HOST)";
				CODE_SIGN_STYLE = Automatic;
				INFOPLIST_FILE = AfricanSuperMarketTests/Info.plist;
				LD_RUNPATH_SEARCH_PATHS = (
					"$(inherited)",
					"@executable_path/Frameworks",
					"@loader_path/Frameworks",
				);
				PRODUCT_BUNDLE_IDENTIFIER = com.techgropse.com.AfricanSuperMarketTests;
				PRODUCT_NAME = "$(TARGET_NAME)";
				SWIFT_VERSION = 4.2;
				TARGETED_DEVICE_FAMILY = "1,2";
				TEST_HOST = "$(BUILT_PRODUCTS_DIR)/AfricanSuperMarket.app/AfricanSuperMarket";
			};
			name = Debug;
		};
		6DFC582923558F2B0052B9F9 /* Release */ = {
			isa = XCBuildConfiguration;
			buildSettings = {
				ALWAYS_EMBED_SWIFT_STANDARD_LIBRARIES = YES;
				BUNDLE_LOADER = "$(TEST_HOST)";
				CODE_SIGN_STYLE = Automatic;
				INFOPLIST_FILE = AfricanSuperMarketTests/Info.plist;
				LD_RUNPATH_SEARCH_PATHS = (
					"$(inherited)",
					"@executable_path/Frameworks",
					"@loader_path/Frameworks",
				);
				PRODUCT_BUNDLE_IDENTIFIER = com.techgropse.com.AfricanSuperMarketTests;
				PRODUCT_NAME = "$(TARGET_NAME)";
				SWIFT_VERSION = 4.2;
				TARGETED_DEVICE_FAMILY = "1,2";
				TEST_HOST = "$(BUILT_PRODUCTS_DIR)/AfricanSuperMarket.app/AfricanSuperMarket";
			};
			name = Release;
		};
		6DFC582B23558F2B0052B9F9 /* Debug */ = {
			isa = XCBuildConfiguration;
			buildSettings = {
				ALWAYS_EMBED_SWIFT_STANDARD_LIBRARIES = YES;
				CODE_SIGN_STYLE = Automatic;
				INFOPLIST_FILE = AfricanSuperMarketUITests/Info.plist;
				LD_RUNPATH_SEARCH_PATHS = (
					"$(inherited)",
					"@executable_path/Frameworks",
					"@loader_path/Frameworks",
				);
				PRODUCT_BUNDLE_IDENTIFIER = com.techgropse.com.AfricanSuperMarketUITests;
				PRODUCT_NAME = "$(TARGET_NAME)";
				SWIFT_VERSION = 4.2;
				TARGETED_DEVICE_FAMILY = "1,2";
				TEST_TARGET_NAME = AfricanSuperMarket;
			};
			name = Debug;
		};
		6DFC582C23558F2B0052B9F9 /* Release */ = {
			isa = XCBuildConfiguration;
			buildSettings = {
				ALWAYS_EMBED_SWIFT_STANDARD_LIBRARIES = YES;
				CODE_SIGN_STYLE = Automatic;
				INFOPLIST_FILE = AfricanSuperMarketUITests/Info.plist;
				LD_RUNPATH_SEARCH_PATHS = (
					"$(inherited)",
					"@executable_path/Frameworks",
					"@loader_path/Frameworks",
				);
				PRODUCT_BUNDLE_IDENTIFIER = com.techgropse.com.AfricanSuperMarketUITests;
				PRODUCT_NAME = "$(TARGET_NAME)";
				SWIFT_VERSION = 4.2;
				TARGETED_DEVICE_FAMILY = "1,2";
				TEST_TARGET_NAME = AfricanSuperMarket;
			};
			name = Release;
		};
/* End XCBuildConfiguration section */

/* Begin XCConfigurationList section */
		6DFC57F723558F2A0052B9F9 /* Build configuration list for PBXProject "AfricanSuperMarket" */ = {
			isa = XCConfigurationList;
			buildConfigurations = (
				6DFC582223558F2B0052B9F9 /* Debug */,
				6DFC582323558F2B0052B9F9 /* Release */,
			);
			defaultConfigurationIsVisible = 0;
			defaultConfigurationName = Release;
		};
		6DFC582423558F2B0052B9F9 /* Build configuration list for PBXNativeTarget "AfricanSuperMarket" */ = {
			isa = XCConfigurationList;
			buildConfigurations = (
				6DFC582523558F2B0052B9F9 /* Debug */,
				6DFC582623558F2B0052B9F9 /* Release */,
			);
			defaultConfigurationIsVisible = 0;
			defaultConfigurationName = Release;
		};
		6DFC582723558F2B0052B9F9 /* Build configuration list for PBXNativeTarget "AfricanSuperMarketTests" */ = {
			isa = XCConfigurationList;
			buildConfigurations = (
				6DFC582823558F2B0052B9F9 /* Debug */,
				6DFC582923558F2B0052B9F9 /* Release */,
			);
			defaultConfigurationIsVisible = 0;
			defaultConfigurationName = Release;
		};
		6DFC582A23558F2B0052B9F9 /* Build configuration list for PBXNativeTarget "AfricanSuperMarketUITests" */ = {
			isa = XCConfigurationList;
			buildConfigurations = (
				6DFC582B23558F2B0052B9F9 /* Debug */,
				6DFC582C23558F2B0052B9F9 /* Release */,
			);
			defaultConfigurationIsVisible = 0;
			defaultConfigurationName = Release;
		};
/* End XCConfigurationList section */
	};
	rootObject = 6DFC57F423558F2A0052B9F9 /* Project object */;
}
